
Microsoft Visual Studio Solution File, Format Version 12.00
# Visual Studio 15
VisualStudioVersion = 15.0.28010.2050
MinimumVisualStudioVersion = 10.0.40219.1
Project("{FAE04EC0-301F-11D3-BF4B-00C04F79EFBC}") = "Traffico Residuo 3 C Sharp", "Traffico Residuo 3 C Sharp\Traffico Residuo 3 C Sharp.csproj", "{9F86C0C3-89CB-43F9-902C-D87B7C3BB951}"
EndProject
Global
	GlobalSection(SolutionConfigurationPlatforms) = preSolution
		Debug|Any CPU = Debug|Any CPU
		Release|Any CPU = Release|Any CPU
	EndGlobalSection
	GlobalSection(ProjectConfigurationPlatforms) = postSolution
		{9F86C0C3-89CB-43F9-902C-D87B7C3BB951}.Debug|Any CPU.ActiveCfg = Debug|Any CPU
		{9F86C0C3-89CB-43F9-902C-D87B7C3BB951}.Debug|Any CPU.Build.0 = Debug|Any CPU
		{9F86C0C3-89CB-43F9-902C-D87B7C3BB951}.Release|Any CPU.ActiveCfg = Release|Any CPU
		{9F86C0C3-89CB-43F9-902C-D87B7C3BB951}.Release|Any CPU.Build.0 = Release|Any CPU
	EndGlobalSection
	GlobalSection(SolutionProperties) = preSolution
		HideSolutionNode = FALSE
	EndGlobalSection
	GlobalSection(ExtensibilityGlobals) = postSolution
		SolutionGuid = {224D0553-6312-43C7-A943-3C8AB1266D28}
	EndGlobalSection
EndGlobal
